
Microsoft Visual Studio Solution File, Format Version 12.00
# Visual Studio 2012
Project("{FAE04EC0-301F-11D3-BF4B-00C04F79EFBC}") = "Problem 4 - Largest Palindrome Product", "Problem 4 - Largest Palindrome Product\Problem 4 - Largest Palindrome Product.csproj", "{CC4A9768-EB83-4EE3-B145-0175C7956393}"
EndProject
Global
	GlobalSection(SolutionConfigurationPlatforms) = preSolution
		Debug|Any CPU = Debug|Any CPU
		Release|Any CPU = Release|Any CPU
	EndGlobalSection
	GlobalSection(ProjectConfigurationPlatforms) = postSolution
		{CC4A9768-EB83-4EE3-B145-0175C7956393}.Debug|Any CPU.ActiveCfg = Debug|Any CPU
		{CC4A9768-EB83-4EE3-B145-0175C7956393}.Debug|Any CPU.Build.0 = Debug|Any CPU
		{CC4A9768-EB83-4EE3-B145-0175C7956393}.Release|Any CPU.ActiveCfg = Release|Any CPU
		{CC4A9768-EB83-4EE3-B145-0175C7956393}.Release|Any CPU.Build.0 = Release|Any CPU
	EndGlobalSection
	GlobalSection(SolutionProperties) = preSolution
		HideSolutionNode = FALSE
	EndGlobalSection
EndGlobal
